
Microsoft Visual Studio Solution File, Format Version 12.00
# Visual Studio Version 16
VisualStudioVersion = 16.0.30225.117
MinimumVisualStudioVersion = 10.0.40219.1
Project("{FAE04EC0-301F-11D3-BF4B-00C04F79EFBC}") = "MatrixCalculator", "MatrixCalculator\MatrixCalculator.csproj", "{66EE2710-8E3D-474A-9A60-F4456D2BC4CE}"
EndProject
Global
	GlobalSection(SolutionConfigurationPlatforms) = preSolution
		Debug|Any CPU = Debug|Any CPU
		Release|Any CPU = Release|Any CPU
	EndGlobalSection
	GlobalSection(ProjectConfigurationPlatforms) = postSolution
		{66EE2710-8E3D-474A-9A60-F4456D2BC4CE}.Debug|Any CPU.ActiveCfg = Debug|Any CPU
		{66EE2710-8E3D-474A-9A60-F4456D2BC4CE}.Debug|Any CPU.Build.0 = Debug|Any CPU
		{66EE2710-8E3D-474A-9A60-F4456D2BC4CE}.Release|Any CPU.ActiveCfg = Release|Any CPU
		{66EE2710-8E3D-474A-9A60-F4456D2BC4CE}.Release|Any CPU.Build.0 = Release|Any CPU
	EndGlobalSection
	GlobalSection(SolutionProperties) = preSolution
		HideSolutionNode = FALSE
	EndGlobalSection
	GlobalSection(ExtensibilityGlobals) = postSolution
		SolutionGuid = {EFC140FD-510A-4669-B751-A70EC38A9CA0}
	EndGlobalSection
EndGlobal
